
Microsoft Visual Studio Solution File, Format Version 12.00
# Visual Studio Version 17
VisualStudioVersion = 17.10.34928.147
MinimumVisualStudioVersion = 10.0.40219.1
Project("{FAE04EC0-301F-11D3-BF4B-00C04F79EFBC}") = "NgVanDuoc2210900016", "NgVanDuoc2210900016\NgVanDuoc2210900016.csproj", "{D83FF459-EB79-4AE8-99ED-0FA219AFB377}"
EndProject
Global
	GlobalSection(SolutionConfigurationPlatforms) = preSolution
		Debug|Any CPU = Debug|Any CPU
		Release|Any CPU = Release|Any CPU
	EndGlobalSection
	GlobalSection(ProjectConfigurationPlatforms) = postSolution
		{D83FF459-EB79-4AE8-99ED-0FA219AFB377}.Debug|Any CPU.ActiveCfg = Debug|Any CPU
		{D83FF459-EB79-4AE8-99ED-0FA219AFB377}.Debug|Any CPU.Build.0 = Debug|Any CPU
		{D83FF459-EB79-4AE8-99ED-0FA219AFB377}.Release|Any CPU.ActiveCfg = Release|Any CPU
		{D83FF459-EB79-4AE8-99ED-0FA219AFB377}.Release|Any CPU.Build.0 = Release|Any CPU
	EndGlobalSection
	GlobalSection(SolutionProperties) = preSolution
		HideSolutionNode = FALSE
	EndGlobalSection
	GlobalSection(ExtensibilityGlobals) = postSolution
		SolutionGuid = {66F2B1E2-ACC5-4BCC-AABB-668D4562D40F}
	EndGlobalSection
EndGlobal
